{
  "name": "@dvla/lab-constructs-cdk",
  "version": "2.5.4",
  "lockfileVersion": 2,
  "requires": true,
  "packages": {
    "": {
      "name": "@dvla/lab-constructs-cdk",
      "version": "2.5.4",
      "license": "MIT",
      "dependencies": {
        "@aws-lambda-powertools/logger": "0.11.0",
        "@types/aws-lambda": "8.10.101",
        "moment": "2.29.4"
      },
      "devDependencies": {
        "@aws-cdk/aws-glue-alpha": "2.29.1-alpha.0",
        "@dvla/lab-common-cdk": "^2.4.1"
      },
      "engines": {
        "node": "^14.18.1",
        "npm": "^8.2.0"
      }
    },
    "node_modules/@aws-cdk/aws-glue-alpha": {
      "version": "2.29.1-alpha.0",
      "dev": true,
      "license": "Apache-2.0",
      "engines": {
        "node": ">= 14.15.0"
      },
      "peerDependencies": {
        "aws-cdk-lib": "^2.29.1",
        "constructs": "^10.0.0"
      }
    },
    "node_modules/@aws-lambda-powertools/commons": {
      "version": "0.11.0",
      "resolved": "https://nexus.tooling.dvla.gov.uk/repository/npm-group/@aws-lambda-powertools/commons/-/commons-0.11.0.tgz",
      "integrity": "sha512-3kOq1lqcyRc7K/UlwD3XC0GXc5ckatanu0lOGFz7VJLjlv4VSCBC7KomGLoSInKGCdieJnmkg0ZcJnKD9RqJlQ==",
      "license": "MIT-0"
    },
    "node_modules/@dvla/lab-common-cdk": {
      "version": "2.4.1",
      "resolved": "https://nexus.tooling.dvla.gov.uk/repository/npm-group/@dvla/lab-common-cdk/-/lab-common-cdk-2.4.1.tgz",
      "integrity": "sha512-7CG/VFXHGhIgrW020/q+RFGIVu71JMRerBc53mN/xnYMSBIVcK6soMSHeBbjRTYZgyHEMEy+hHiyNnf4xy4Wiw==",
      "dev": true,
      "license": "MIT",
      "dependencies": {
        "lodash": "4.17.21",
        "moment": "2.29.4"
      },
      "engines": {
        "node": "^14.18.1",
        "npm": "^8.2.0"
      },
      "peerDependencies": {
        "aws-cdk-lib": "2.31.1",
        "constructs": "10.1.43"
      }
    },
    "node_modules/@types/aws-lambda": {
      "version": "8.10.101",
      "resolved": "https://nexus.tooling.dvla.gov.uk/repository/npm-group/@types/aws-lambda/-/aws-lambda-8.10.101.tgz",
      "integrity": "sha512-84geGyVc0H9P9aGbcg/vkDh5akJq0bEf3tizHNR2d1gcm0wsp9IZ/SW6rPxvgjJFi3OeVxDc8WTKCAjoZbogzg==",
      "license": "MIT"
    },
    "node_modules/aws-cdk-lib": {
      "version": "2.31.1",
      "resolved": "https://nexus.tooling.dvla.gov.uk/repository/npm-group/aws-cdk-lib/-/aws-cdk-lib-2.31.1.tgz",
      "integrity": "sha512-1IFgMxr1PpX90KFzTRZKVwfY+qP/UzLsrNgfylvqveOKy3R6qtGAhAx186+Zy2nx+wYoy+hVz89CZSItGDapMA==",
      "bundleDependencies": [
        "@balena/dockerignore",
        "case",
        "fs-extra",
        "ignore",
        "jsonschema",
        "minimatch",
        "punycode",
        "semver",
        "yaml"
      ],
      "dev": true,
      "license": "Apache-2.0",
      "peer": true,
      "dependencies": {
        "@balena/dockerignore": "^1.0.2",
        "case": "1.6.3",
        "fs-extra": "^9.1.0",
        "ignore": "^5.2.0",
        "jsonschema": "^1.4.1",
        "minimatch": "^3.1.2",
        "punycode": "^2.1.1",
        "semver": "^7.3.7",
        "yaml": "1.10.2"
      },
      "engines": {
        "node": ">= 14.15.0"
      },
      "peerDependencies": {
        "constructs": "^10.0.0"
      }
    },
    "node_modules/aws-cdk-lib/node_modules/@balena/dockerignore": {
      "version": "1.0.2",
      "dev": true,
      "inBundle": true,
      "license": "Apache-2.0",
      "peer": true
    },
    "node_modules/aws-cdk-lib/node_modules/at-least-node": {
      "version": "1.0.0",
      "dev": true,
      "inBundle": true,
      "license": "ISC",
      "peer": true,
      "engines": {
        "node": ">= 4.0.0"
      }
    },
    "node_modules/aws-cdk-lib/node_modules/balanced-match": {
      "version": "1.0.2",
      "dev": true,
      "inBundle": true,
      "license": "MIT",
      "peer": true
    },
    "node_modules/aws-cdk-lib/node_modules/brace-expansion": {
      "version": "1.1.11",
      "dev": true,
      "inBundle": true,
      "license": "MIT",
      "peer": true,
      "dependencies": {
        "balanced-match": "^1.0.0",
        "concat-map": "0.0.1"
      }
    },
    "node_modules/aws-cdk-lib/node_modules/case": {
      "version": "1.6.3",
      "dev": true,
      "inBundle": true,
      "license": "(MIT OR GPL-3.0-or-later)",
      "peer": true,
      "engines": {
        "node": ">= 0.8.0"
      }
    },
    "node_modules/aws-cdk-lib/node_modules/concat-map": {
      "version": "0.0.1",
      "dev": true,
      "inBundle": true,
      "license": "MIT",
      "peer": true
    },
    "node_modules/aws-cdk-lib/node_modules/fs-extra": {
      "version": "9.1.0",
      "dev": true,
      "inBundle": true,
      "license": "MIT",
      "peer": true,
      "dependencies": {
        "at-least-node": "^1.0.0",
        "graceful-fs": "^4.2.0",
        "jsonfile": "^6.0.1",
        "universalify": "^2.0.0"
      },
      "engines": {
        "node": ">=10"
      }
    },
    "node_modules/aws-cdk-lib/node_modules/graceful-fs": {
      "version": "4.2.10",
      "dev": true,
      "inBundle": true,
      "license": "ISC",
      "peer": true
    },
    "node_modules/aws-cdk-lib/node_modules/ignore": {
      "version": "5.2.0",
      "dev": true,
      "inBundle": true,
      "license": "MIT",
      "peer": true,
      "engines": {
        "node": ">= 4"
      }
    },
    "node_modules/aws-cdk-lib/node_modules/jsonfile": {
      "version": "6.1.0",
      "dev": true,
      "inBundle": true,
      "license": "MIT",
      "peer": true,
      "dependencies": {
        "universalify": "^2.0.0"
      },
      "optionalDependencies": {
        "graceful-fs": "^4.1.6"
      }
    },
    "node_modules/aws-cdk-lib/node_modules/jsonschema": {
      "version": "1.4.1",
      "dev": true,
      "inBundle": true,
      "license": "MIT",
      "peer": true,
      "engines": {
        "node": "*"
      }
    },
    "node_modules/aws-cdk-lib/node_modules/lru-cache": {
      "version": "6.0.0",
      "dev": true,
      "inBundle": true,
      "license": "ISC",
      "peer": true,
      "dependencies": {
        "yallist": "^4.0.0"
      },
      "engines": {
        "node": ">=10"
      }
    },
    "node_modules/aws-cdk-lib/node_modules/minimatch": {
      "version": "3.1.2",
      "dev": true,
      "inBundle": true,
      "license": "ISC",
      "peer": true,
      "dependencies": {
        "brace-expansion": "^1.1.7"
      },
      "engines": {
        "node": "*"
      }
    },
    "node_modules/aws-cdk-lib/node_modules/punycode": {
      "version": "2.1.1",
      "dev": true,
      "inBundle": true,
      "license": "MIT",
      "peer": true,
      "engines": {
        "node": ">=6"
      }
    },
    "node_modules/aws-cdk-lib/node_modules/semver": {
      "version": "7.3.7",
      "dev": true,
      "inBundle": true,
      "license": "ISC",
      "peer": true,
      "dependencies": {
        "lru-cache": "^6.0.0"
      },
      "bin": {
        "semver": "bin/semver.js"
      },
      "engines": {
        "node": ">=10"
      }
    },
    "node_modules/aws-cdk-lib/node_modules/universalify": {
      "version": "2.0.0",
      "dev": true,
      "inBundle": true,
      "license": "MIT",
      "peer": true,
      "engines": {
        "node": ">= 10.0.0"
      }
    },
    "node_modules/aws-cdk-lib/node_modules/yallist": {
      "version": "4.0.0",
      "dev": true,
      "inBundle": true,
      "license": "ISC",
      "peer": true
    },
    "node_modules/aws-cdk-lib/node_modules/yaml": {
      "version": "1.10.2",
      "dev": true,
      "inBundle": true,
      "license": "ISC",
      "peer": true,
      "engines": {
        "node": ">= 6"
      }
    },
    "node_modules/constructs": {
      "version": "10.1.43",
      "resolved": "https://nexus.tooling.dvla.gov.uk/repository/npm-group/constructs/-/constructs-10.1.43.tgz",
      "integrity": "sha512-I7CEsYPmcsTpmf+tT3DZq5klCzk2d0Gb6X67P5XxYq0an4+JiWrf8/LCIHV3xqOhnGLAbM/aGZ3bigUNTWeliA==",
      "dev": true,
      "license": "Apache-2.0",
      "peer": true,
      "engines": {
        "node": ">= 14.17.0"
      }
    },
    "node_modules/lodash": {
      "version": "4.17.21",
      "resolved": "https://nexus.tooling.dvla.gov.uk/repository/npm-group/lodash/-/lodash-4.17.21.tgz",
      "integrity": "sha512-v2kDEe57lecTulaDIuNTPy3Ry4gLGJ6Z1O3vE1krgXZNrsQ+LFTGHVxVjcXPs17LhbZVGedAJv8XZ1tvj5FvSg==",
      "dev": true,
      "license": "MIT"
    },
    "node_modules/lodash.clonedeep": {
      "version": "4.5.0",
      "resolved": "https://nexus.tooling.dvla.gov.uk/repository/npm-group/lodash.clonedeep/-/lodash.clonedeep-4.5.0.tgz",
      "integrity": "sha512-H5ZhCF25riFd9uB5UCkVKo61m3S/xZk1x4wA6yp/L3RFP6Z/eHH1ymQcGLo7J3GMPfm0V/7m1tryHuGVxpqEBQ==",
      "license": "MIT"
    },
    "node_modules/lodash.merge": {
      "version": "4.6.2",
      "resolved": "https://nexus.tooling.dvla.gov.uk/repository/npm-group/lodash.merge/-/lodash.merge-4.6.2.tgz",
      "integrity": "sha512-0KpjqXRVvrYyCsX1swR/XTK0va6VQkQM6MNo7PqW77ByjAhoARA8EfrP1N4+KlKj8YS0ZUCtRT/YUuhyYDujIQ==",
      "license": "MIT"
    },
    "node_modules/lodash.pickby": {
      "version": "4.6.0",
      "resolved": "https://nexus.tooling.dvla.gov.uk/repository/npm-group/lodash.pickby/-/lodash.pickby-4.6.0.tgz",
      "integrity": "sha512-AZV+GsS/6ckvPOVQPXSiFFacKvKB4kOQu6ynt9wz0F3LO4R9Ij4K1ddYsIytDpSgLz88JHd9P+oaLeej5/Sl7Q==",
      "license": "MIT"
    },
    "node_modules/moment": {
      "version": "2.29.4",
      "resolved": "https://nexus.tooling.dvla.gov.uk/repository/npm-group/moment/-/moment-2.29.4.tgz",
      "integrity": "sha512-5LC9SOxjSc2HF6vO2CyuTDNivEdoz2IvyJJGj6X8DJ0eFyfszE0QiEd+iXmBvUP3WHxSjFH/vIsA0EN00cgr8w==",
      "license": "MIT",
      "engines": {
        "node": "*"
      }
    }
  },
  "dependencies": {
    "@aws-cdk/aws-glue-alpha": {
      "version": "2.29.1-alpha.0",
      "dev": true,
      "requires": {}
    },
    "@aws-lambda-powertools/commons": {
      "version": "0.11.0",
      "resolved": "https://nexus.tooling.dvla.gov.uk/repository/npm-group/@aws-lambda-powertools/commons/-/commons-0.11.0.tgz",
      "integrity": "sha512-3kOq1lqcyRc7K/UlwD3XC0GXc5ckatanu0lOGFz7VJLjlv4VSCBC7KomGLoSInKGCdieJnmkg0ZcJnKD9RqJlQ=="
    },
    "@aws-lambda-powertools/logger": {
      "version": "0.11.0",
      "resolved": "https://nexus.tooling.dvla.gov.uk/repository/npm-group/@aws-lambda-powertools/logger/-/logger-0.11.0.tgz",
      "integrity": "sha512-C4Sz8OkOe+2tpp8lZK/Ch7DqVgz5OyaTMU96yrNqnKPzlff7RKffuPKDi74IBDmYR+HnKimLr9H0rQuxhibStw==",
      "requires": {
        "@aws-lambda-powertools/commons": "^0.11.0",
        "lodash.clonedeep": "^4.5.0",
        "lodash.merge": "^4.6.2",
        "lodash.pickby": "^4.6.0"
      }
    },
    "@dvla/lab-common-cdk": {
      "version": "2.4.1",
      "resolved": "https://nexus.tooling.dvla.gov.uk/repository/npm-group/@dvla/lab-common-cdk/-/lab-common-cdk-2.4.1.tgz",
      "integrity": "sha512-7CG/VFXHGhIgrW020/q+RFGIVu71JMRerBc53mN/xnYMSBIVcK6soMSHeBbjRTYZgyHEMEy+hHiyNnf4xy4Wiw==",
      "dev": true,
      "requires": {
        "lodash": "4.17.21",
        "moment": "2.29.4"
      }
    },
    "@types/aws-lambda": {
      "version": "8.10.101",
      "resolved": "https://nexus.tooling.dvla.gov.uk/repository/npm-group/@types/aws-lambda/-/aws-lambda-8.10.101.tgz",
      "integrity": "sha512-84geGyVc0H9P9aGbcg/vkDh5akJq0bEf3tizHNR2d1gcm0wsp9IZ/SW6rPxvgjJFi3OeVxDc8WTKCAjoZbogzg=="
    },
    "aws-cdk-lib": {
      "version": "2.31.1",
      "resolved": "https://nexus.tooling.dvla.gov.uk/repository/npm-group/aws-cdk-lib/-/aws-cdk-lib-2.31.1.tgz",
      "integrity": "sha512-1IFgMxr1PpX90KFzTRZKVwfY+qP/UzLsrNgfylvqveOKy3R6qtGAhAx186+Zy2nx+wYoy+hVz89CZSItGDapMA==",
      "dev": true,
      "peer": true,
      "requires": {
        "@balena/dockerignore": "^1.0.2",
        "case": "1.6.3",
        "fs-extra": "^9.1.0",
        "ignore": "^5.2.0",
        "jsonschema": "^1.4.1",
        "minimatch": "^3.1.2",
        "punycode": "^2.1.1",
        "semver": "^7.3.7",
        "yaml": "1.10.2"
      },
      "dependencies": {
        "@balena/dockerignore": {
          "version": "1.0.2",
          "bundled": true,
          "dev": true,
          "peer": true
        },
        "at-least-node": {
          "version": "1.0.0",
          "bundled": true,
          "dev": true,
          "peer": true
        },
        "balanced-match": {
          "version": "1.0.2",
          "bundled": true,
          "dev": true,
          "peer": true
        },
        "brace-expansion": {
          "version": "1.1.11",
          "bundled": true,
          "dev": true,
          "peer": true,
          "requires": {
            "balanced-match": "^1.0.0",
            "concat-map": "0.0.1"
          }
        },
        "case": {
          "version": "1.6.3",
          "bundled": true,
          "dev": true,
          "peer": true
        },
        "concat-map": {
          "version": "0.0.1",
          "bundled": true,
          "dev": true,
          "peer": true
        },
        "fs-extra": {
          "version": "9.1.0",
          "bundled": true,
          "dev": true,
          "peer": true,
          "requires": {
            "at-least-node": "^1.0.0",
            "graceful-fs": "^4.2.0",
            "jsonfile": "^6.0.1",
            "universalify": "^2.0.0"
          }
        },
        "graceful-fs": {
          "version": "4.2.10",
          "bundled": true,
          "dev": true,
          "peer": true
        },
        "ignore": {
          "version": "5.2.0",
          "bundled": true,
          "dev": true,
          "peer": true
        },
        "jsonfile": {
          "version": "6.1.0",
          "bundled": true,
          "dev": true,
          "peer": true,
          "requires": {
            "graceful-fs": "^4.1.6",
            "universalify": "^2.0.0"
          }
        },
        "jsonschema": {
          "version": "1.4.1",
          "bundled": true,
          "dev": true,
          "peer": true
        },
        "lru-cache": {
          "version": "6.0.0",
          "bundled": true,
          "dev": true,
          "peer": true,
          "requires": {
            "yallist": "^4.0.0"
          }
        },
        "minimatch": {
          "version": "3.1.2",
          "bundled": true,
          "dev": true,
          "peer": true,
          "requires": {
            "brace-expansion": "^1.1.7"
          }
        },
        "punycode": {
          "version": "2.1.1",
          "bundled": true,
          "dev": true,
          "peer": true
        },
        "semver": {
          "version": "7.3.7",
          "bundled": true,
          "dev": true,
          "peer": true,
          "requires": {
            "lru-cache": "^6.0.0"
          }
        },
        "universalify": {
          "version": "2.0.0",
          "bundled": true,
          "dev": true,
          "peer": true
        },
        "yallist": {
          "version": "4.0.0",
          "bundled": true,
          "dev": true,
          "peer": true
        },
        "yaml": {
          "version": "1.10.2",
          "bundled": true,
          "dev": true,
          "peer": true
        }
      }
    },
    "constructs": {
      "version": "10.1.43",
      "resolved": "https://nexus.tooling.dvla.gov.uk/repository/npm-group/constructs/-/constructs-10.1.43.tgz",
      "integrity": "sha512-I7CEsYPmcsTpmf+tT3DZq5klCzk2d0Gb6X67P5XxYq0an4+JiWrf8/LCIHV3xqOhnGLAbM/aGZ3bigUNTWeliA==",
      "dev": true,
      "peer": true
    },
    "lodash": {
      "version": "4.17.21",
      "resolved": "https://nexus.tooling.dvla.gov.uk/repository/npm-group/lodash/-/lodash-4.17.21.tgz",
      "integrity": "sha512-v2kDEe57lecTulaDIuNTPy3Ry4gLGJ6Z1O3vE1krgXZNrsQ+LFTGHVxVjcXPs17LhbZVGedAJv8XZ1tvj5FvSg==",
      "dev": true
    },
    "lodash.clonedeep": {
      "version": "4.5.0",
      "resolved": "https://nexus.tooling.dvla.gov.uk/repository/npm-group/lodash.clonedeep/-/lodash.clonedeep-4.5.0.tgz",
      "integrity": "sha512-H5ZhCF25riFd9uB5UCkVKo61m3S/xZk1x4wA6yp/L3RFP6Z/eHH1ymQcGLo7J3GMPfm0V/7m1tryHuGVxpqEBQ=="
    },
    "lodash.merge": {
      "version": "4.6.2",
      "resolved": "https://nexus.tooling.dvla.gov.uk/repository/npm-group/lodash.merge/-/lodash.merge-4.6.2.tgz",
      "integrity": "sha512-0KpjqXRVvrYyCsX1swR/XTK0va6VQkQM6MNo7PqW77ByjAhoARA8EfrP1N4+KlKj8YS0ZUCtRT/YUuhyYDujIQ=="
    },
    "lodash.pickby": {
      "version": "4.6.0",
      "resolved": "https://nexus.tooling.dvla.gov.uk/repository/npm-group/lodash.pickby/-/lodash.pickby-4.6.0.tgz",
      "integrity": "sha512-AZV+GsS/6ckvPOVQPXSiFFacKvKB4kOQu6ynt9wz0F3LO4R9Ij4K1ddYsIytDpSgLz88JHd9P+oaLeej5/Sl7Q=="
    },
    "moment": {
      "version": "2.29.4",
      "resolved": "https://nexus.tooling.dvla.gov.uk/repository/npm-group/moment/-/moment-2.29.4.tgz",
      "integrity": "sha512-5LC9SOxjSc2HF6vO2CyuTDNivEdoz2IvyJJGj6X8DJ0eFyfszE0QiEd+iXmBvUP3WHxSjFH/vIsA0EN00cgr8w=="
    }
  }
}
